// !$*UTF8*$!
{
	archiveVersion = 1;
	classes = {
	};
	objectVersion = 56;
	objects = {

/* Begin PBXBuildFile section */
		023C0EB62A79EC55007CADC9 /* AppDelegate.m in Sources */ = {isa = PBXBuildFile; fileRef = 023C0EB52A79EC55007CADC9 /* AppDelegate.m */; };
		023C0EB92A79EC55007CADC9 /* SceneDelegate.m in Sources */ = {isa = PBXBuildFile; fileRef = 023C0EB82A79EC55007CADC9 /* SceneDelegate.m */; };
		023C0EBC2A79EC55007CADC9 /* ViewController.m in Sources */ = {isa = PBXBuildFile; fileRef = 023C0EBB2A79EC55007CADC9 /* ViewController.m */; };
		023C0EBF2A79EC55007CADC9 /* Main.storyboard in Resources */ = {isa = PBXBuildFile; fileRef = 023C0EBD2A79EC55007CADC9 /* Main.storyboard */; };
		023C0EC12A79EC56007CADC9 /* Assets.xcassets in Resources */ = {isa = PBXBuildFile; fileRef = 023C0EC02A79EC56007CADC9 /* Assets.xcassets */; };
		023C0EC42A79EC56007CADC9 /* LaunchScreen.storyboard in Resources */ = {isa = PBXBuildFile; fileRef = 023C0EC22A79EC56007CADC9 /* LaunchScreen.storyboard */; };
		023C0EC72A79EC56007CADC9 /* main.m in Sources */ = {isa = PBXBuildFile; fileRef = 023C0EC62A79EC56007CADC9 /* main.m */; };
		023C0ED12A79EDA8007CADC9 /* Language.strings in Resources */ = {isa = PBXBuildFile; fileRef = 023C0ED32A79EDA8007CADC9 /* Language.strings */; };
		023C0ED82A79F58F007CADC9 /* TwoViewController.m in Sources */ = {isa = PBXBuildFile; fileRef = 023C0ED72A79F58F007CADC9 /* TwoViewController.m */; };
/* End PBXBuildFile section */

/* Begin PBXFileReference section */
		023C0EB12A79EC55007CADC9 /* iOSLanguageChangeTest.app */ = {isa = PBXFileReference; explicitFileType = wrapper.application; includeInIndex = 0; path = iOSLanguageChangeTest.app; sourceTree = BUILT_PRODUCTS_DIR; };
		023C0EB42A79EC55007CADC9 /* AppDelegate.h */ = {isa = PBXFileReference; lastKnownFileType = sourcecode.c.h; path = AppDelegate.h; sourceTree = "<group>"; };
		023C0EB52A79EC55007CADC9 /* AppDelegate.m */ = {isa = PBXFileReference; lastKnownFileType = sourcecode.c.objc; path = AppDelegate.m; sourceTree = "<group>"; };
		023C0EB72A79EC55007CADC9 /* SceneDelegate.h */ = {isa = PBXFileReference; lastKnownFileType = sourcecode.c.h; path = SceneDelegate.h; sourceTree = "<group>"; };
		023C0EB82A79EC55007CADC9 /* SceneDelegate.m */ = {isa = PBXFileReference; lastKnownFileType = sourcecode.c.objc; path = SceneDelegate.m; sourceTree = "<group>"; };
		023C0EBA2A79EC55007CADC9 /* ViewController.h */ = {isa = PBXFileReference; lastKnownFileType = sourcecode.c.h; path = ViewController.h; sourceTree = "<group>"; };
		023C0EBB2A79EC55007CADC9 /* ViewController.m */ = {isa = PBXFileReference; lastKnownFileType = sourcecode.c.objc; path = ViewController.m; sourceTree = "<group>"; };
		023C0EBE2A79EC55007CADC9 /* Base */ = {isa = PBXFileReference; lastKnownFileType = file.storyboard; name = Base; path = Base.lproj/Main.storyboard; sourceTree = "<group>"; };
		023C0EC02A79EC56007CADC9 /* Assets.xcassets */ = {isa = PBXFileReference; lastKnownFileType = folder.assetcatalog; path = Assets.xcassets; sourceTree = "<group>"; };
		023C0EC32A79EC56007CADC9 /* Base */ = {isa = PBXFileReference; lastKnownFileType = file.storyboard; name = Base; path = Base.lproj/LaunchScreen.storyboard; sourceTree = "<group>"; };
		023C0EC52A79EC56007CADC9 /* Info.plist */ = {isa = PBXFileReference; lastKnownFileType = text.plist.xml; path = Info.plist; sourceTree = "<group>"; };
		023C0EC62A79EC56007CADC9 /* main.m */ = {isa = PBXFileReference; lastKnownFileType = sourcecode.c.objc; path = main.m; sourceTree = "<group>"; };
		023C0ECD2A79ED38007CADC9 /* zh-Hans */ = {isa = PBXFileReference; lastKnownFileType = text.plist.strings; name = "zh-Hans"; path = "zh-Hans.lproj/Main.strings"; sourceTree = "<group>"; };
		023C0ECE2A79ED38007CADC9 /* zh-Hans */ = {isa = PBXFileReference; lastKnownFileType = text.plist.strings; name = "zh-Hans"; path = "zh-Hans.lproj/LaunchScreen.strings"; sourceTree = "<group>"; };
		023C0ED22A79EDA8007CADC9 /* en */ = {isa = PBXFileReference; lastKnownFileType = text.plist.strings; name = en; path = en.lproj/Language.strings; sourceTree = "<group>"; };
		023C0ED42A79EDAA007CADC9 /* zh-Hans */ = {isa = PBXFileReference; lastKnownFileType = text.plist.strings; name = "zh-Hans"; path = "zh-Hans.lproj/Language.strings"; sourceTree = "<group>"; };
		023C0ED52A79EE6C007CADC9 /* PrefixHeader.pch */ = {isa = PBXFileReference; lastKnownFileType = sourcecode.c.h; path = PrefixHeader.pch; sourceTree = "<group>"; };
		023C0ED62A79F58F007CADC9 /* TwoViewController.h */ = {isa = PBXFileReference; lastKnownFileType = sourcecode.c.h; path = TwoViewController.h; sourceTree = "<group>"; };
		023C0ED72A79F58F007CADC9 /* TwoViewController.m */ = {isa = PBXFileReference; lastKnownFileType = sourcecode.c.objc; path = TwoViewController.m; sourceTree = "<group>"; };
/* End PBXFileReference section */

/* Begin PBXFrameworksBuildPhase section */
		023C0EAE2A79EC55007CADC9 /* Frameworks */ = {
			isa = PBXFrameworksBuildPhase;
			buildActionMask = 2147483647;
			files = (
			);
			runOnlyForDeploymentPostprocessing = 0;
		};
/* End PBXFrameworksBuildPhase section */

/* Begin PBXGroup section */
		023C0EA82A79EC55007CADC9 = {
			isa = PBXGroup;
			children = (
				023C0EB32A79EC55007CADC9 /* iOSLanguageChangeTest */,
				023C0EB22A79EC55007CADC9 /* Products */,
			);
			sourceTree = "<group>";
		};
		023C0EB22A79EC55007CADC9 /* Products */ = {
			isa = PBXGroup;
			children = (
				023C0EB12A79EC55007CADC9 /* iOSLanguageChangeTest.app */,
			);
			name = Products;
			sourceTree = "<group>";
		};
		023C0EB32A79EC55007CADC9 /* iOSLanguageChangeTest */ = {
			isa = PBXGroup;
			children = (
				023C0EB42A79EC55007CADC9 /* AppDelegate.h */,
				023C0EB52A79EC55007CADC9 /* AppDelegate.m */,
				023C0ED52A79EE6C007CADC9 /* PrefixHeader.pch */,
				023C0ED32A79EDA8007CADC9 /* Language.strings */,
				023C0EB72A79EC55007CADC9 /* SceneDelegate.h */,
				023C0EB82A79EC55007CADC9 /* SceneDelegate.m */,
				023C0EBA2A79EC55007CADC9 /* ViewController.h */,
				023C0EBB2A79EC55007CADC9 /* ViewController.m */,
				023C0ED62A79F58F007CADC9 /* TwoViewController.h */,
				023C0ED72A79F58F007CADC9 /* TwoViewController.m */,
				023C0EBD2A79EC55007CADC9 /* Main.storyboard */,
				023C0EC02A79EC56007CADC9 /* Assets.xcassets */,
				023C0EC22A79EC56007CADC9 /* LaunchScreen.storyboard */,
				023C0EC52A79EC56007CADC9 /* Info.plist */,
				023C0EC62A79EC56007CADC9 /* main.m */,
			);
			path = iOSLanguageChangeTest;
			sourceTree = "<group>";
		};
/* End PBXGroup section */

/* Begin PBXNativeTarget section */
		023C0EB02A79EC55007CADC9 /* iOSLanguageChangeTest */ = {
			isa = PBXNativeTarget;
			buildConfigurationList = 023C0ECA2A79EC56007CADC9 /* Build configuration list for PBXNativeTarget "iOSLanguageChangeTest" */;
			buildPhases = (
				023C0EAD2A79EC55007CADC9 /* Sources */,
				023C0EAE2A79EC55007CADC9 /* Frameworks */,
				023C0EAF2A79EC55007CADC9 /* Resources */,
			);
			buildRules = (
			);
			dependencies = (
			);
			name = iOSLanguageChangeTest;
			productName = iOSLanguageChangeTest;
			productReference = 023C0EB12A79EC55007CADC9 /* iOSLanguageChangeTest.app */;
			productType = "com.apple.product-type.application";
		};
/* End PBXNativeTarget section */

/* Begin PBXProject section */
		023C0EA92A79EC55007CADC9 /* Project object */ = {
			isa = PBXProject;
			attributes = {
				BuildIndependentTargetsInParallel = 1;
				LastUpgradeCheck = 1430;
				TargetAttributes = {
					023C0EB02A79EC55007CADC9 = {
						CreatedOnToolsVersion = 14.3.1;
					};
				};
			};
			buildConfigurationList = 023C0EAC2A79EC55007CADC9 /* Build configuration list for PBXProject "iOSLanguageChangeTest" */;
			compatibilityVersion = "Xcode 14.0";
			developmentRegion = en;
			hasScannedForEncodings = 0;
			knownRegions = (
				en,
				Base,
				"zh-Hans",
			);
			mainGroup = 023C0EA82A79EC55007CADC9;
			productRefGroup = 023C0EB22A79EC55007CADC9 /* Products */;
			projectDirPath = "";
			projectRoot = "";
			targets = (
				023C0EB02A79EC55007CADC9 /* iOSLanguageChangeTest */,
			);
		};
/* End PBXProject section */

/* Begin PBXResourcesBuildPhase section */
		023C0EAF2A79EC55007CADC9 /* Resources */ = {
			isa = PBXResourcesBuildPhase;
			buildActionMask = 2147483647;
			files = (
				023C0ED12A79EDA8007CADC9 /* Language.strings in Resources */,
				023C0EC42A79EC56007CADC9 /* LaunchScreen.storyboard in Resources */,
				023C0EC12A79EC56007CADC9 /* Assets.xcassets in Resources */,
				023C0EBF2A79EC55007CADC9 /* Main.storyboard in Resources */,
			);
			runOnlyForDeploymentPostprocessing = 0;
		};
/* End PBXResourcesBuildPhase section */

/* Begin PBXSourcesBuildPhase section */
		023C0EAD2A79EC55007CADC9 /* Sources */ = {
			isa = PBXSourcesBuildPhase;
			buildActionMask = 2147483647;
			files = (
				023C0EBC2A79EC55007CADC9 /* ViewController.m in Sources */,
				023C0EB62A79EC55007CADC9 /* AppDelegate.m in Sources */,
				023C0EC72A79EC56007CADC9 /* main.m in Sources */,
				023C0ED82A79F58F007CADC9 /* TwoViewController.m in Sources */,
				023C0EB92A79EC55007CADC9 /* SceneDelegate.m in Sources */,
			);
			runOnlyForDeploymentPostprocessing = 0;
		};
/* End PBXSourcesBuildPhase section */

/* Begin PBXVariantGroup section */
		023C0EBD2A79EC55007CADC9 /* Main.storyboard */ = {
			isa = PBXVariantGroup;
			children = (
				023C0EBE2A79EC55007CADC9 /* Base */,
				023C0ECD2A79ED38007CADC9 /* zh-Hans */,
			);
			name = Main.storyboard;
			sourceTree = "<group>";
		};
		023C0EC22A79EC56007CADC9 /* LaunchScreen.storyboard */ = {
			isa = PBXVariantGroup;
			children = (
				023C0EC32A79EC56007CADC9 /* Base */,
				023C0ECE2A79ED38007CADC9 /* zh-Hans */,
			);
			name = LaunchScreen.storyboard;
			sourceTree = "<group>";
		};
		023C0ED32A79EDA8007CADC9 /* Language.strings */ = {
			isa = PBXVariantGroup;
			children = (
				023C0ED22A79EDA8007CADC9 /* en */,
				023C0ED42A79EDAA007CADC9 /* zh-Hans */,
			);
			name = Language.strings;
			sourceTree = "<group>";
		};
/* End PBXVariantGroup section */

/* Begin XCBuildConfiguration section */
		023C0EC82A79EC56007CADC9 /* Debug */ = {
			isa = XCBuildConfiguration;
			buildSettings = {
				ALWAYS_SEARCH_USER_PATHS = NO;
				CLANG_ANALYZER_LOCALIZABILITY_NONLOCALIZED = YES;
				CLANG_ANALYZER_NONNULL = YES;
				CLANG_ANALYZER_NUMBER_OBJECT_CONVERSION = YES_AGGRESSIVE;
				CLANG_CXX_LANGUAGE_STANDARD = "gnu++20";
				CLANG_ENABLE_MODULES = YES;
				CLANG_ENABLE_OBJC_ARC = YES;
				CLANG_ENABLE_OBJC_WEAK = YES;
				CLANG_WARN_BLOCK_CAPTURE_AUTORELEASING = YES;
				CLANG_WARN_BOOL_CONVERSION = YES;
				CLANG_WARN_COMMA = YES;
				CLANG_WARN_CONSTANT_CONVERSION = YES;
				CLANG_WARN_DEPRECATED_OBJC_IMPLEMENTATIONS = YES;
				CLANG_WARN_DIRECT_OBJC_ISA_USAGE = YES_ERROR;
				CLANG_WARN_DOCUMENTATION_COMMENTS = YES;
				CLANG_WARN_EMPTY_BODY = YES;
				CLANG_WARN_ENUM_CONVERSION = YES;
				CLANG_WARN_INFINITE_RECURSION = YES;
				CLANG_WARN_INT_CONVERSION = YES;
				CLANG_WARN_NON_LITERAL_NULL_CONVERSION = YES;
				CLANG_WARN_OBJC_IMPLICIT_RETAIN_SELF = YES;
				CLANG_WARN_OBJC_LITERAL_CONVERSION = YES;
				CLANG_WARN_OBJC_ROOT_CLASS = YES_ERROR;
				CLANG_WARN_QUOTED_INCLUDE_IN_FRAMEWORK_HEADER = YES;
				CLANG_WARN_RANGE_LOOP_ANALYSIS = YES;
				CLANG_WARN_STRICT_PROTOTYPES = YES;
				CLANG_WARN_SUSPICIOUS_MOVE = YES;
				CLANG_WARN_UNGUARDED_AVAILABILITY = YES_AGGRESSIVE;
				CLANG_WARN_UNREACHABLE_CODE = YES;
				CLANG_WARN__DUPLICATE_METHOD_MATCH = YES;
				COPY_PHASE_STRIP = NO;
				DEBUG_INFORMATION_FORMAT = dwarf;
				ENABLE_STRICT_OBJC_MSGSEND = YES;
				ENABLE_TESTABILITY = YES;
				GCC_C_LANGUAGE_STANDARD = gnu11;
				GCC_DYNAMIC_NO_PIC = NO;
				GCC_NO_COMMON_BLOCKS = YES;
				GCC_OPTIMIZATION_LEVEL = 0;
				GCC_PREPROCESSOR_DEFINITIONS = (
					"DEBUG=1",
					"$(inherited)",
				);
				GCC_WARN_64_TO_32_BIT_CONVERSION = YES;
				GCC_WARN_ABOUT_RETURN_TYPE = YES_ERROR;
				GCC_WARN_UNDECLARED_SELECTOR = YES;
				GCC_WARN_UNINITIALIZED_AUTOS = YES_AGGRESSIVE;
				GCC_WARN_UNUSED_FUNCTION = YES;
				GCC_WARN_UNUSED_VARIABLE = YES;
				IPHONEOS_DEPLOYMENT_TARGET = 16.4;
				MTL_ENABLE_DEBUG_INFO = INCLUDE_SOURCE;
				MTL_FAST_MATH = YES;
				ONLY_ACTIVE_ARCH = YES;
				SDKROOT = iphoneos;
			};
			name = Debug;
		};
		023C0EC92A79EC56007CADC9 /* Release */ = {
			isa = XCBuildConfiguration;
			buildSettings = {
				ALWAYS_SEARCH_USER_PATHS = NO;
				CLANG_ANALYZER_LOCALIZABILITY_NONLOCALIZED = YES;
				CLANG_ANALYZER_NONNULL = YES;
				CLANG_ANALYZER_NUMBER_OBJECT_CONVERSION = YES_AGGRESSIVE;
				CLANG_CXX_LANGUAGE_STANDARD = "gnu++20";
				CLANG_ENABLE_MODULES = YES;
				CLANG_ENABLE_OBJC_ARC = YES;
				CLANG_ENABLE_OBJC_WEAK = YES;
				CLANG_WARN_BLOCK_CAPTURE_AUTORELEASING = YES;
				CLANG_WARN_BOOL_CONVERSION = YES;
				CLANG_WARN_COMMA = YES;
				CLANG_WARN_CONSTANT_CONVERSION = YES;
				CLANG_WARN_DEPRECATED_OBJC_IMPLEMENTATIONS = YES;
				CLANG_WARN_DIRECT_OBJC_ISA_USAGE = YES_ERROR;
				CLANG_WARN_DOCUMENTATION_COMMENTS = YES;
				CLANG_WARN_EMPTY_BODY = YES;
				CLANG_WARN_ENUM_CONVERSION = YES;
				CLANG_WARN_INFINITE_RECURSION = YES;
				CLANG_WARN_INT_CONVERSION = YES;
				CLANG_WARN_NON_LITERAL_NULL_CONVERSION = YES;
				CLANG_WARN_OBJC_IMPLICIT_RETAIN_SELF = YES;
				CLANG_WARN_OBJC_LITERAL_CONVERSION = YES;
				CLANG_WARN_OBJC_ROOT_CLASS = YES_ERROR;
				CLANG_WARN_QUOTED_INCLUDE_IN_FRAMEWORK_HEADER = YES;
				CLANG_WARN_RANGE_LOOP_ANALYSIS = YES;
				CLANG_WARN_STRICT_PROTOTYPES = YES;
				CLANG_WARN_SUSPICIOUS_MOVE = YES;
				CLANG_WARN_UNGUARDED_AVAILABILITY = YES_AGGRESSIVE;
				CLANG_WARN_UNREACHABLE_CODE = YES;
				CLANG_WARN__DUPLICATE_METHOD_MATCH = YES;
				COPY_PHASE_STRIP = NO;
				DEBUG_INFORMATION_FORMAT = "dwarf-with-dsym";
				ENABLE_NS_ASSERTIONS = NO;
				ENABLE_STRICT_OBJC_MSGSEND = YES;
				GCC_C_LANGUAGE_STANDARD = gnu11;
				GCC_NO_COMMON_BLOCKS = YES;
				GCC_WARN_64_TO_32_BIT_CONVERSION = YES;
				GCC_WARN_ABOUT_RETURN_TYPE = YES_ERROR;
				GCC_WARN_UNDECLARED_SELECTOR = YES;
				GCC_WARN_UNINITIALIZED_AUTOS = YES_AGGRESSIVE;
				GCC_WARN_UNUSED_FUNCTION = YES;
				GCC_WARN_UNUSED_VARIABLE = YES;
				IPHONEOS_DEPLOYMENT_TARGET = 16.4;
				MTL_ENABLE_DEBUG_INFO = NO;
				MTL_FAST_MATH = YES;
				SDKROOT = iphoneos;
				VALIDATE_PRODUCT = YES;
			};
			name = Release;
		};
		023C0ECB2A79EC56007CADC9 /* Debug */ = {
			isa = XCBuildConfiguration;
			buildSettings = {
				ASSETCATALOG_COMPILER_APPICON_NAME = AppIcon;
				ASSETCATALOG_COMPILER_GLOBAL_ACCENT_COLOR_NAME = AccentColor;
				CODE_SIGN_STYLE = Automatic;
				CURRENT_PROJECT_VERSION = 1;
				DEVELOPMENT_TEAM = U33ANMXXTW;
				GCC_PREFIX_HEADER = "$(SRCROOT)/iOSLanguageChangeTest/PrefixHeader.pch";
				GENERATE_INFOPLIST_FILE = YES;
				INFOPLIST_FILE = iOSLanguageChangeTest/Info.plist;
				INFOPLIST_KEY_UIApplicationSupportsIndirectInputEvents = YES;
				INFOPLIST_KEY_UILaunchStoryboardName = LaunchScreen;
				INFOPLIST_KEY_UIMainStoryboardFile = Main;
				INFOPLIST_KEY_UISupportedInterfaceOrientations_iPad = "UIInterfaceOrientationPortrait UIInterfaceOrientationPortraitUpsideDown UIInterfaceOrientationLandscapeLeft UIInterfaceOrientationLandscapeRight";
				INFOPLIST_KEY_UISupportedInterfaceOrientations_iPhone = "UIInterfaceOrientationPortrait UIInterfaceOrientationLandscapeLeft UIInterfaceOrientationLandscapeRight";
				LD_RUNPATH_SEARCH_PATHS = (
					"$(inherited)",
					"@executable_path/Frameworks",
				);
				MARKETING_VERSION = 1.0;
				PRODUCT_BUNDLE_IDENTIFIER = zyf.iOSLanguageChangeTest;
				PRODUCT_NAME = "$(TARGET_NAME)";
				SWIFT_EMIT_LOC_STRINGS = YES;
				TARGETED_DEVICE_FAMILY = "1,2";
			};
			name = Debug;
		};
		023C0ECC2A79EC56007CADC9 /* Release */ = {
			isa = XCBuildConfiguration;
			buildSettings = {
				ASSETCATALOG_COMPILER_APPICON_NAME = AppIcon;
				ASSETCATALOG_COMPILER_GLOBAL_ACCENT_COLOR_NAME = AccentColor;
				CODE_SIGN_STYLE = Automatic;
				CURRENT_PROJECT_VERSION = 1;
				DEVELOPMENT_TEAM = U33ANMXXTW;
				GCC_PREFIX_HEADER = "$(SRCROOT)/iOSLanguageChangeTest/PrefixHeader.pch";
				GENERATE_INFOPLIST_FILE = YES;
				INFOPLIST_FILE = iOSLanguageChangeTest/Info.plist;
				INFOPLIST_KEY_UIApplicationSupportsIndirectInputEvents = YES;
				INFOPLIST_KEY_UILaunchStoryboardName = LaunchScreen;
				INFOPLIST_KEY_UIMainStoryboardFile = Main;
				INFOPLIST_KEY_UISupportedInterfaceOrientations_iPad = "UIInterfaceOrientationPortrait UIInterfaceOrientationPortraitUpsideDown UIInterfaceOrientationLandscapeLeft UIInterfaceOrientationLandscapeRight";
				INFOPLIST_KEY_UISupportedInterfaceOrientations_iPhone = "UIInterfaceOrientationPortrait UIInterfaceOrientationLandscapeLeft UIInterfaceOrientationLandscapeRight";
				LD_RUNPATH_SEARCH_PATHS = (
					"$(inherited)",
					"@executable_path/Frameworks",
				);
				MARKETING_VERSION = 1.0;
				PRODUCT_BUNDLE_IDENTIFIER = zyf.iOSLanguageChangeTest;
				PRODUCT_NAME = "$(TARGET_NAME)";
				SWIFT_EMIT_LOC_STRINGS = YES;
				TARGETED_DEVICE_FAMILY = "1,2";
			};
			name = Release;
		};
/* End XCBuildConfiguration section */

/* Begin XCConfigurationList section */
		023C0EAC2A79EC55007CADC9 /* Build configuration list for PBXProject "iOSLanguageChangeTest" */ = {
			isa = XCConfigurationList;
			buildConfigurations = (
				023C0EC82A79EC56007CADC9 /* Debug */,
				023C0EC92A79EC56007CADC9 /* Release */,
			);
			defaultConfigurationIsVisible = 0;
			defaultConfigurationName = Release;
		};
		023C0ECA2A79EC56007CADC9 /* Build configuration list for PBXNativeTarget "iOSLanguageChangeTest" */ = {
			isa = XCConfigurationList;
			buildConfigurations = (
				023C0ECB2A79EC56007CADC9 /* Debug */,
				023C0ECC2A79EC56007CADC9 /* Release */,
			);
			defaultConfigurationIsVisible = 0;
			defaultConfigurationName = Release;
		};
/* End XCConfigurationList section */
	};
	rootObject = 023C0EA92A79EC55007CADC9 /* Project object */;
}
